
Microsoft Visual Studio Solution File, Format Version 12.00
# Visual Studio Version 16
VisualStudioVersion = 16.0.29215.179
MinimumVisualStudioVersion = 10.0.40219.1
Project("{FAE04EC0-301F-11D3-BF4B-00C04F79EFBC}") = "StillWellBrain", "StillWellBrain\StillWellBrain.csproj", "{ED1CB11A-52E4-4974-BFD0-CBC8D63566B5}"
EndProject
Global
	GlobalSection(SolutionConfigurationPlatforms) = preSolution
		Debug|Any CPU = Debug|Any CPU
		Release|Any CPU = Release|Any CPU
	EndGlobalSection
	GlobalSection(ProjectConfigurationPlatforms) = postSolution
		{ED1CB11A-52E4-4974-BFD0-CBC8D63566B5}.Debug|Any CPU.ActiveCfg = Debug|Any CPU
		{ED1CB11A-52E4-4974-BFD0-CBC8D63566B5}.Debug|Any CPU.Build.0 = Debug|Any CPU
		{ED1CB11A-52E4-4974-BFD0-CBC8D63566B5}.Release|Any CPU.ActiveCfg = Release|Any CPU
		{ED1CB11A-52E4-4974-BFD0-CBC8D63566B5}.Release|Any CPU.Build.0 = Release|Any CPU
	EndGlobalSection
	GlobalSection(SolutionProperties) = preSolution
		HideSolutionNode = FALSE
	EndGlobalSection
	GlobalSection(ExtensibilityGlobals) = postSolution
		SolutionGuid = {7F2F8DA2-01C0-4212-B9CE-7ABE3E661523}
	EndGlobalSection
EndGlobal
